
Microsoft Visual Studio Solution File, Format Version 12.00
# Visual Studio Version 17
VisualStudioVersion = 17.2.32630.192
MinimumVisualStudioVersion = 10.0.40219.1
Project("{FAE04EC0-301F-11D3-BF4B-00C04F79EFBC}") = "HuntingTheManticore", "HuntingTheManticore\HuntingTheManticore.csproj", "{20A8647D-683D-44B0-B77A-6FF2FD1E4FF4}"
EndProject
Global
	GlobalSection(SolutionConfigurationPlatforms) = preSolution
		Debug|Any CPU = Debug|Any CPU
		Release|Any CPU = Release|Any CPU
	EndGlobalSection
	GlobalSection(ProjectConfigurationPlatforms) = postSolution
		{20A8647D-683D-44B0-B77A-6FF2FD1E4FF4}.Debug|Any CPU.ActiveCfg = Debug|Any CPU
		{20A8647D-683D-44B0-B77A-6FF2FD1E4FF4}.Debug|Any CPU.Build.0 = Debug|Any CPU
		{20A8647D-683D-44B0-B77A-6FF2FD1E4FF4}.Release|Any CPU.ActiveCfg = Release|Any CPU
		{20A8647D-683D-44B0-B77A-6FF2FD1E4FF4}.Release|Any CPU.Build.0 = Release|Any CPU
	EndGlobalSection
	GlobalSection(SolutionProperties) = preSolution
		HideSolutionNode = FALSE
	EndGlobalSection
	GlobalSection(ExtensibilityGlobals) = postSolution
		SolutionGuid = {E2CB18DB-E7A5-491A-987D-86F12AF5755C}
	EndGlobalSection
EndGlobal
